
Microsoft Visual Studio Solution File, Format Version 12.00
# Visual Studio Version 17
VisualStudioVersion = 17.8.34511.84
MinimumVisualStudioVersion = 10.0.40219.1
Project("{FAE04EC0-301F-11D3-BF4B-00C04F79EFBC}") = "bookStoreRecord", "bookStoreRecord.csproj", "{BC7F8CA9-5A63-468D-8753-5F8E11FD9B06}"
EndProject
Global
	GlobalSection(SolutionConfigurationPlatforms) = preSolution
		Debug|Any CPU = Debug|Any CPU
		Release|Any CPU = Release|Any CPU
	EndGlobalSection
	GlobalSection(ProjectConfigurationPlatforms) = postSolution
		{BC7F8CA9-5A63-468D-8753-5F8E11FD9B06}.Debug|Any CPU.ActiveCfg = Debug|Any CPU
		{BC7F8CA9-5A63-468D-8753-5F8E11FD9B06}.Debug|Any CPU.Build.0 = Debug|Any CPU
		{BC7F8CA9-5A63-468D-8753-5F8E11FD9B06}.Release|Any CPU.ActiveCfg = Release|Any CPU
		{BC7F8CA9-5A63-468D-8753-5F8E11FD9B06}.Release|Any CPU.Build.0 = Release|Any CPU
	EndGlobalSection
	GlobalSection(SolutionProperties) = preSolution
		HideSolutionNode = FALSE
	EndGlobalSection
	GlobalSection(ExtensibilityGlobals) = postSolution
		SolutionGuid = {6CDC9479-9754-46CF-A32D-C85D059C5197}
	EndGlobalSection
EndGlobal
